
Microsoft Visual Studio Solution File, Format Version 12.00
# Visual Studio Version 16
VisualStudioVersion = 16.0.35026.282
MinimumVisualStudioVersion = 10.0.40219.1
Project("{FAE04EC0-301F-11D3-BF4B-00C04F79EFBC}") = "ConsoleApp1", "ConsoleApp1\ConsoleApp1.csproj", "{D7CA2253-48B3-4394-925A-97DB242B8347}"
EndProject
Global
	GlobalSection(SolutionConfigurationPlatforms) = preSolution
		Debug|Any CPU = Debug|Any CPU
		Release|Any CPU = Release|Any CPU
	EndGlobalSection
	GlobalSection(ProjectConfigurationPlatforms) = postSolution
		{D7CA2253-48B3-4394-925A-97DB242B8347}.Debug|Any CPU.ActiveCfg = Debug|Any CPU
		{D7CA2253-48B3-4394-925A-97DB242B8347}.Debug|Any CPU.Build.0 = Debug|Any CPU
		{D7CA2253-48B3-4394-925A-97DB242B8347}.Release|Any CPU.ActiveCfg = Release|Any CPU
		{D7CA2253-48B3-4394-925A-97DB242B8347}.Release|Any CPU.Build.0 = Release|Any CPU
	EndGlobalSection
	GlobalSection(SolutionProperties) = preSolution
		HideSolutionNode = FALSE
	EndGlobalSection
	GlobalSection(ExtensibilityGlobals) = postSolution
		SolutionGuid = {050CBB0C-4B8C-43BE-AB1E-61B761B3EBEC}
	EndGlobalSection
EndGlobal
